{
  "name": "ayano-react",
  "version": "1.0.0-alpha1",
  "lockfileVersion": 1,
  "requires": true,
  "dependencies": {
    "ayano-utils": {
      "version": "1.0.3",
      "resolved": "https://registry.npmjs.org/ayano-utils/-/ayano-utils-1.0.3.tgz",
      "integrity": "sha512-rK0c8gwCD4EaHZgtohJNVVd3rKQXOtxIxFM10zP6ynxbA9tc/ef8IuvCvgr1hldl8JZlr4jzu/UTmLJehhlcQw=="
    }
  }
}
