{
  "name": "ayano-react",
  "version": "1.0.0-alpha1",
  "lockfileVersion": 1,
  "requires": true,
  "dependencies": {
    "ayano-utils": {
      "version": "1.0.5",
      "resolved": "https://registry.npmjs.org/ayano-utils/-/ayano-utils-1.0.5.tgz",
      "integrity": "sha512-LzLI5+BMbLDfLdPkdwfxU9di3w3JvJAHTS/y4ce4jDU3F9G3rhmfrdiLhJltmyheu5Hpv2o7G6B/AMbWqdhOcg=="
    }
  }
}
